
Microsoft Visual Studio Solution File, Format Version 12.00
# Visual Studio Version 16
VisualStudioVersion = 16.0.30413.136
MinimumVisualStudioVersion = 10.0.40219.1
Project("{FAE04EC0-301F-11D3-BF4B-00C04F79EFBC}") = "AccountEventApp", "AccountEventApp\AccountEventApp.csproj", "{884F4D25-84EB-4646-B564-13AC2D309927}"
EndProject
Global
	GlobalSection(SolutionConfigurationPlatforms) = preSolution
		Debug|Any CPU = Debug|Any CPU
		Release|Any CPU = Release|Any CPU
	EndGlobalSection
	GlobalSection(ProjectConfigurationPlatforms) = postSolution
		{884F4D25-84EB-4646-B564-13AC2D309927}.Debug|Any CPU.ActiveCfg = Debug|Any CPU
		{884F4D25-84EB-4646-B564-13AC2D309927}.Debug|Any CPU.Build.0 = Debug|Any CPU
		{884F4D25-84EB-4646-B564-13AC2D309927}.Release|Any CPU.ActiveCfg = Release|Any CPU
		{884F4D25-84EB-4646-B564-13AC2D309927}.Release|Any CPU.Build.0 = Release|Any CPU
	EndGlobalSection
	GlobalSection(SolutionProperties) = preSolution
		HideSolutionNode = FALSE
	EndGlobalSection
	GlobalSection(ExtensibilityGlobals) = postSolution
		SolutionGuid = {10A3BBB7-6925-494A-AB60-9C5F4E754D2A}
	EndGlobalSection
EndGlobal
