
Microsoft Visual Studio Solution File, Format Version 12.00
# Visual Studio Version 16
VisualStudioVersion = 16.0.30413.136
MinimumVisualStudioVersion = 10.0.40219.1
Project("{FAE04EC0-301F-11D3-BF4B-00C04F79EFBC}") = "ExtensionMethodApp", "ExtensionMethodApp\ExtensionMethodApp.csproj", "{EBF8E5BC-8B51-4EEF-8669-56D186CDF96A}"
EndProject
Global
	GlobalSection(SolutionConfigurationPlatforms) = preSolution
		Debug|Any CPU = Debug|Any CPU
		Release|Any CPU = Release|Any CPU
	EndGlobalSection
	GlobalSection(ProjectConfigurationPlatforms) = postSolution
		{EBF8E5BC-8B51-4EEF-8669-56D186CDF96A}.Debug|Any CPU.ActiveCfg = Debug|Any CPU
		{EBF8E5BC-8B51-4EEF-8669-56D186CDF96A}.Debug|Any CPU.Build.0 = Debug|Any CPU
		{EBF8E5BC-8B51-4EEF-8669-56D186CDF96A}.Release|Any CPU.ActiveCfg = Release|Any CPU
		{EBF8E5BC-8B51-4EEF-8669-56D186CDF96A}.Release|Any CPU.Build.0 = Release|Any CPU
	EndGlobalSection
	GlobalSection(SolutionProperties) = preSolution
		HideSolutionNode = FALSE
	EndGlobalSection
	GlobalSection(ExtensibilityGlobals) = postSolution
		SolutionGuid = {3248B535-8259-4735-968F-83DE3BD3E76A}
	EndGlobalSection
EndGlobal
