
Microsoft Visual Studio Solution File, Format Version 12.00
# Visual Studio Version 16
VisualStudioVersion = 16.0.30413.136
MinimumVisualStudioVersion = 10.0.40219.1
Project("{FAE04EC0-301F-11D3-BF4B-00C04F79EFBC}") = "ConnectionApp", "ConnectionApp\ConnectionApp.csproj", "{2FB479FB-D32F-407F-97C7-F7649598C2DA}"
EndProject
Global
	GlobalSection(SolutionConfigurationPlatforms) = preSolution
		Debug|Any CPU = Debug|Any CPU
		Release|Any CPU = Release|Any CPU
	EndGlobalSection
	GlobalSection(ProjectConfigurationPlatforms) = postSolution
		{2FB479FB-D32F-407F-97C7-F7649598C2DA}.Debug|Any CPU.ActiveCfg = Debug|Any CPU
		{2FB479FB-D32F-407F-97C7-F7649598C2DA}.Debug|Any CPU.Build.0 = Debug|Any CPU
		{2FB479FB-D32F-407F-97C7-F7649598C2DA}.Release|Any CPU.ActiveCfg = Release|Any CPU
		{2FB479FB-D32F-407F-97C7-F7649598C2DA}.Release|Any CPU.Build.0 = Release|Any CPU
	EndGlobalSection
	GlobalSection(SolutionProperties) = preSolution
		HideSolutionNode = FALSE
	EndGlobalSection
	GlobalSection(ExtensibilityGlobals) = postSolution
		SolutionGuid = {D56F2928-41EC-48B6-92E3-F00BBB4FDF35}
	EndGlobalSection
EndGlobal
