
Microsoft Visual Studio Solution File, Format Version 12.00
# Visual Studio Version 16
VisualStudioVersion = 16.0.30413.136
MinimumVisualStudioVersion = 10.0.40219.1
Project("{FAE04EC0-301F-11D3-BF4B-00C04F79EFBC}") = "TicTacToeGameLib", "TicTacToeGameLib\TicTacToeGameLib.csproj", "{EC7A1B58-D7FD-430A-9B79-1724773E93E2}"
EndProject
Project("{FAE04EC0-301F-11D3-BF4B-00C04F79EFBC}") = "TicTacToeLib.Tests", "TicTacToeLib.Tests\TicTacToeLib.Tests.csproj", "{BAB92438-1C79-43BB-9282-1D6F8E95358E}"
EndProject
Project("{FAE04EC0-301F-11D3-BF4B-00C04F79EFBC}") = "TicTacToeFormApp", "TicTacToeFormApp\TicTacToeFormApp.csproj", "{664F8AB1-2E55-474F-BF85-8C3E5B204AE8}"
EndProject
Global
	GlobalSection(SolutionConfigurationPlatforms) = preSolution
		Debug|Any CPU = Debug|Any CPU
		Release|Any CPU = Release|Any CPU
	EndGlobalSection
	GlobalSection(ProjectConfigurationPlatforms) = postSolution
		{EC7A1B58-D7FD-430A-9B79-1724773E93E2}.Debug|Any CPU.ActiveCfg = Debug|Any CPU
		{EC7A1B58-D7FD-430A-9B79-1724773E93E2}.Debug|Any CPU.Build.0 = Debug|Any CPU
		{EC7A1B58-D7FD-430A-9B79-1724773E93E2}.Release|Any CPU.ActiveCfg = Release|Any CPU
		{EC7A1B58-D7FD-430A-9B79-1724773E93E2}.Release|Any CPU.Build.0 = Release|Any CPU
		{BAB92438-1C79-43BB-9282-1D6F8E95358E}.Debug|Any CPU.ActiveCfg = Debug|Any CPU
		{BAB92438-1C79-43BB-9282-1D6F8E95358E}.Debug|Any CPU.Build.0 = Debug|Any CPU
		{BAB92438-1C79-43BB-9282-1D6F8E95358E}.Release|Any CPU.ActiveCfg = Release|Any CPU
		{BAB92438-1C79-43BB-9282-1D6F8E95358E}.Release|Any CPU.Build.0 = Release|Any CPU
		{664F8AB1-2E55-474F-BF85-8C3E5B204AE8}.Debug|Any CPU.ActiveCfg = Debug|Any CPU
		{664F8AB1-2E55-474F-BF85-8C3E5B204AE8}.Debug|Any CPU.Build.0 = Debug|Any CPU
		{664F8AB1-2E55-474F-BF85-8C3E5B204AE8}.Release|Any CPU.ActiveCfg = Release|Any CPU
		{664F8AB1-2E55-474F-BF85-8C3E5B204AE8}.Release|Any CPU.Build.0 = Release|Any CPU
	EndGlobalSection
	GlobalSection(SolutionProperties) = preSolution
		HideSolutionNode = FALSE
	EndGlobalSection
	GlobalSection(ExtensibilityGlobals) = postSolution
		SolutionGuid = {1365A01B-E656-4D2F-A7B3-9C3B55006060}
	EndGlobalSection
EndGlobal
