
Microsoft Visual Studio Solution File, Format Version 12.00
# Visual Studio Version 16
VisualStudioVersion = 16.0.30320.27
MinimumVisualStudioVersion = 10.0.40219.1
Project("{FAE04EC0-301F-11D3-BF4B-00C04F79EFBC}") = "CommandLineDemo", "CommandLineDemo.csproj", "{A6C1AD42-50DC-4C47-A9C5-3A900FE4E108}"
EndProject
Global
	GlobalSection(SolutionConfigurationPlatforms) = preSolution
		Debug|Any CPU = Debug|Any CPU
		Release|Any CPU = Release|Any CPU
	EndGlobalSection
	GlobalSection(ProjectConfigurationPlatforms) = postSolution
		{A6C1AD42-50DC-4C47-A9C5-3A900FE4E108}.Debug|Any CPU.ActiveCfg = Debug|Any CPU
		{A6C1AD42-50DC-4C47-A9C5-3A900FE4E108}.Debug|Any CPU.Build.0 = Debug|Any CPU
		{A6C1AD42-50DC-4C47-A9C5-3A900FE4E108}.Release|Any CPU.ActiveCfg = Release|Any CPU
		{A6C1AD42-50DC-4C47-A9C5-3A900FE4E108}.Release|Any CPU.Build.0 = Release|Any CPU
	EndGlobalSection
	GlobalSection(SolutionProperties) = preSolution
		HideSolutionNode = FALSE
	EndGlobalSection
	GlobalSection(ExtensibilityGlobals) = postSolution
		SolutionGuid = {56575630-318B-4D47-B12C-8180BD667069}
	EndGlobalSection
EndGlobal
