
Microsoft Visual Studio Solution File, Format Version 12.00
# Visual Studio Version 16
VisualStudioVersion = 16.0.30413.136
MinimumVisualStudioVersion = 10.0.40219.1
Project("{FAE04EC0-301F-11D3-BF4B-00C04F79EFBC}") = "CollectionApp", "CollectionApp\CollectionApp.csproj", "{31A1057A-8C00-4C0B-8249-FDF0294843C0}"
EndProject
Global
	GlobalSection(SolutionConfigurationPlatforms) = preSolution
		Debug|Any CPU = Debug|Any CPU
		Release|Any CPU = Release|Any CPU
	EndGlobalSection
	GlobalSection(ProjectConfigurationPlatforms) = postSolution
		{31A1057A-8C00-4C0B-8249-FDF0294843C0}.Debug|Any CPU.ActiveCfg = Debug|Any CPU
		{31A1057A-8C00-4C0B-8249-FDF0294843C0}.Debug|Any CPU.Build.0 = Debug|Any CPU
		{31A1057A-8C00-4C0B-8249-FDF0294843C0}.Release|Any CPU.ActiveCfg = Release|Any CPU
		{31A1057A-8C00-4C0B-8249-FDF0294843C0}.Release|Any CPU.Build.0 = Release|Any CPU
	EndGlobalSection
	GlobalSection(SolutionProperties) = preSolution
		HideSolutionNode = FALSE
	EndGlobalSection
	GlobalSection(ExtensibilityGlobals) = postSolution
		SolutionGuid = {F62E764D-E088-463D-AC8B-8724876F902A}
	EndGlobalSection
EndGlobal
