
Microsoft Visual Studio Solution File, Format Version 12.00
# Visual Studio Version 16
VisualStudioVersion = 16.0.30413.136
MinimumVisualStudioVersion = 10.0.40219.1
Project("{FAE04EC0-301F-11D3-BF4B-00C04F79EFBC}") = "LINQWithCollection1", "LINQWithCollection1\LINQWithCollection1.csproj", "{877B31E5-2D43-408B-AF39-5D61412D6159}"
EndProject
Global
	GlobalSection(SolutionConfigurationPlatforms) = preSolution
		Debug|Any CPU = Debug|Any CPU
		Release|Any CPU = Release|Any CPU
	EndGlobalSection
	GlobalSection(ProjectConfigurationPlatforms) = postSolution
		{877B31E5-2D43-408B-AF39-5D61412D6159}.Debug|Any CPU.ActiveCfg = Debug|Any CPU
		{877B31E5-2D43-408B-AF39-5D61412D6159}.Debug|Any CPU.Build.0 = Debug|Any CPU
		{877B31E5-2D43-408B-AF39-5D61412D6159}.Release|Any CPU.ActiveCfg = Release|Any CPU
		{877B31E5-2D43-408B-AF39-5D61412D6159}.Release|Any CPU.Build.0 = Release|Any CPU
	EndGlobalSection
	GlobalSection(SolutionProperties) = preSolution
		HideSolutionNode = FALSE
	EndGlobalSection
	GlobalSection(ExtensibilityGlobals) = postSolution
		SolutionGuid = {66621835-DCBC-4449-85C1-E4CC1677BB44}
	EndGlobalSection
EndGlobal
