
Microsoft Visual Studio Solution File, Format Version 12.00
# Visual Studio Version 16
VisualStudioVersion = 16.0.30413.136
MinimumVisualStudioVersion = 10.0.40219.1
Project("{FAE04EC0-301F-11D3-BF4B-00C04F79EFBC}") = "EmpEventApp", "EmpEventApp\EmpEventApp.csproj", "{EB1DF17C-7305-4CE1-AA84-9DE243780ACD}"
EndProject
Global
	GlobalSection(SolutionConfigurationPlatforms) = preSolution
		Debug|Any CPU = Debug|Any CPU
		Release|Any CPU = Release|Any CPU
	EndGlobalSection
	GlobalSection(ProjectConfigurationPlatforms) = postSolution
		{EB1DF17C-7305-4CE1-AA84-9DE243780ACD}.Debug|Any CPU.ActiveCfg = Debug|Any CPU
		{EB1DF17C-7305-4CE1-AA84-9DE243780ACD}.Debug|Any CPU.Build.0 = Debug|Any CPU
		{EB1DF17C-7305-4CE1-AA84-9DE243780ACD}.Release|Any CPU.ActiveCfg = Release|Any CPU
		{EB1DF17C-7305-4CE1-AA84-9DE243780ACD}.Release|Any CPU.Build.0 = Release|Any CPU
	EndGlobalSection
	GlobalSection(SolutionProperties) = preSolution
		HideSolutionNode = FALSE
	EndGlobalSection
	GlobalSection(ExtensibilityGlobals) = postSolution
		SolutionGuid = {C24D825D-170D-4B78-828A-BA343C9C208E}
	EndGlobalSection
EndGlobal
