
Microsoft Visual Studio Solution File, Format Version 12.00
# Visual Studio Version 16
VisualStudioVersion = 16.0.30413.136
MinimumVisualStudioVersion = 10.0.40219.1
Project("{FAE04EC0-301F-11D3-BF4B-00C04F79EFBC}") = "TransactionApp", "TransactionApp\TransactionApp.csproj", "{98443AF6-83F2-48DC-97CE-5C4AB477BF0F}"
EndProject
Global
	GlobalSection(SolutionConfigurationPlatforms) = preSolution
		Debug|Any CPU = Debug|Any CPU
		Release|Any CPU = Release|Any CPU
	EndGlobalSection
	GlobalSection(ProjectConfigurationPlatforms) = postSolution
		{98443AF6-83F2-48DC-97CE-5C4AB477BF0F}.Debug|Any CPU.ActiveCfg = Debug|Any CPU
		{98443AF6-83F2-48DC-97CE-5C4AB477BF0F}.Debug|Any CPU.Build.0 = Debug|Any CPU
		{98443AF6-83F2-48DC-97CE-5C4AB477BF0F}.Release|Any CPU.ActiveCfg = Release|Any CPU
		{98443AF6-83F2-48DC-97CE-5C4AB477BF0F}.Release|Any CPU.Build.0 = Release|Any CPU
	EndGlobalSection
	GlobalSection(SolutionProperties) = preSolution
		HideSolutionNode = FALSE
	EndGlobalSection
	GlobalSection(ExtensibilityGlobals) = postSolution
		SolutionGuid = {70B1D3A4-9322-49C5-AD83-021546102DF2}
	EndGlobalSection
EndGlobal
