
Microsoft Visual Studio Solution File, Format Version 12.00
# Visual Studio Version 16
VisualStudioVersion = 16.0.30320.27
MinimumVisualStudioVersion = 10.0.40219.1
Project("{FAE04EC0-301F-11D3-BF4B-00C04F79EFBC}") = "Invoice-Constructor-app", "Invoice-Constructor-app.csproj", "{AAF883FC-4239-4375-96BA-997E44D6EA97}"
EndProject
Global
	GlobalSection(SolutionConfigurationPlatforms) = preSolution
		Debug|Any CPU = Debug|Any CPU
		Release|Any CPU = Release|Any CPU
	EndGlobalSection
	GlobalSection(ProjectConfigurationPlatforms) = postSolution
		{AAF883FC-4239-4375-96BA-997E44D6EA97}.Debug|Any CPU.ActiveCfg = Debug|Any CPU
		{AAF883FC-4239-4375-96BA-997E44D6EA97}.Debug|Any CPU.Build.0 = Debug|Any CPU
		{AAF883FC-4239-4375-96BA-997E44D6EA97}.Release|Any CPU.ActiveCfg = Release|Any CPU
		{AAF883FC-4239-4375-96BA-997E44D6EA97}.Release|Any CPU.Build.0 = Release|Any CPU
	EndGlobalSection
	GlobalSection(SolutionProperties) = preSolution
		HideSolutionNode = FALSE
	EndGlobalSection
	GlobalSection(ExtensibilityGlobals) = postSolution
		SolutionGuid = {0866503F-37E9-40BB-9785-D1C85E6BBC43}
	EndGlobalSection
EndGlobal
