
Microsoft Visual Studio Solution File, Format Version 12.00
# Visual Studio Version 16
VisualStudioVersion = 16.0.30413.136
MinimumVisualStudioVersion = 10.0.40219.1
Project("{FAE04EC0-301F-11D3-BF4B-00C04F79EFBC}") = "InterfacePolymorphismApp", "InterfacePolymorphismApp\InterfacePolymorphismApp.csproj", "{AEBE4C5E-1E6E-457F-9165-99CED923D5DB}"
EndProject
Global
	GlobalSection(SolutionConfigurationPlatforms) = preSolution
		Debug|Any CPU = Debug|Any CPU
		Release|Any CPU = Release|Any CPU
	EndGlobalSection
	GlobalSection(ProjectConfigurationPlatforms) = postSolution
		{AEBE4C5E-1E6E-457F-9165-99CED923D5DB}.Debug|Any CPU.ActiveCfg = Debug|Any CPU
		{AEBE4C5E-1E6E-457F-9165-99CED923D5DB}.Debug|Any CPU.Build.0 = Debug|Any CPU
		{AEBE4C5E-1E6E-457F-9165-99CED923D5DB}.Release|Any CPU.ActiveCfg = Release|Any CPU
		{AEBE4C5E-1E6E-457F-9165-99CED923D5DB}.Release|Any CPU.Build.0 = Release|Any CPU
	EndGlobalSection
	GlobalSection(SolutionProperties) = preSolution
		HideSolutionNode = FALSE
	EndGlobalSection
	GlobalSection(ExtensibilityGlobals) = postSolution
		SolutionGuid = {529EEC2C-5BFE-4AB2-ADF1-CE18DFECBFA1}
	EndGlobalSection
EndGlobal
