
Microsoft Visual Studio Solution File, Format Version 12.00
# Visual Studio Version 16
VisualStudioVersion = 16.0.30413.136
MinimumVisualStudioVersion = 10.0.40219.1
Project("{FAE04EC0-301F-11D3-BF4B-00C04F79EFBC}") = "CommandApp", "CommandApp\CommandApp.csproj", "{DFA6DDC7-DC08-4B33-BCC9-51913B66DD34}"
EndProject
Global
	GlobalSection(SolutionConfigurationPlatforms) = preSolution
		Debug|Any CPU = Debug|Any CPU
		Release|Any CPU = Release|Any CPU
	EndGlobalSection
	GlobalSection(ProjectConfigurationPlatforms) = postSolution
		{DFA6DDC7-DC08-4B33-BCC9-51913B66DD34}.Debug|Any CPU.ActiveCfg = Debug|Any CPU
		{DFA6DDC7-DC08-4B33-BCC9-51913B66DD34}.Debug|Any CPU.Build.0 = Debug|Any CPU
		{DFA6DDC7-DC08-4B33-BCC9-51913B66DD34}.Release|Any CPU.ActiveCfg = Release|Any CPU
		{DFA6DDC7-DC08-4B33-BCC9-51913B66DD34}.Release|Any CPU.Build.0 = Release|Any CPU
	EndGlobalSection
	GlobalSection(SolutionProperties) = preSolution
		HideSolutionNode = FALSE
	EndGlobalSection
	GlobalSection(ExtensibilityGlobals) = postSolution
		SolutionGuid = {F15A799A-F074-48EE-88BE-D4A28294A24B}
	EndGlobalSection
EndGlobal
