
Microsoft Visual Studio Solution File, Format Version 12.00
# Visual Studio Version 16
VisualStudioVersion = 16.0.30413.136
MinimumVisualStudioVersion = 10.0.40219.1
Project("{FAE04EC0-301F-11D3-BF4B-00C04F79EFBC}") = "MathDelegateApp", "MathDelegateApp\MathDelegateApp.csproj", "{81DED5DA-C481-42F0-B163-7F777A1896DF}"
EndProject
Global
	GlobalSection(SolutionConfigurationPlatforms) = preSolution
		Debug|Any CPU = Debug|Any CPU
		Release|Any CPU = Release|Any CPU
	EndGlobalSection
	GlobalSection(ProjectConfigurationPlatforms) = postSolution
		{81DED5DA-C481-42F0-B163-7F777A1896DF}.Debug|Any CPU.ActiveCfg = Debug|Any CPU
		{81DED5DA-C481-42F0-B163-7F777A1896DF}.Debug|Any CPU.Build.0 = Debug|Any CPU
		{81DED5DA-C481-42F0-B163-7F777A1896DF}.Release|Any CPU.ActiveCfg = Release|Any CPU
		{81DED5DA-C481-42F0-B163-7F777A1896DF}.Release|Any CPU.Build.0 = Release|Any CPU
	EndGlobalSection
	GlobalSection(SolutionProperties) = preSolution
		HideSolutionNode = FALSE
	EndGlobalSection
	GlobalSection(ExtensibilityGlobals) = postSolution
		SolutionGuid = {1F98702E-C20C-44EB-9E7B-EAE073DBAC34}
	EndGlobalSection
EndGlobal
