
Microsoft Visual Studio Solution File, Format Version 12.00
# Visual Studio Version 16
VisualStudioVersion = 16.0.30320.27
MinimumVisualStudioVersion = 10.0.40219.1
Project("{FAE04EC0-301F-11D3-BF4B-00C04F79EFBC}") = "StringImmutable", "StringImmutable.csproj", "{FFE0FB45-7042-44A9-A7F9-324BD74ADDBA}"
EndProject
Global
	GlobalSection(SolutionConfigurationPlatforms) = preSolution
		Debug|Any CPU = Debug|Any CPU
		Release|Any CPU = Release|Any CPU
	EndGlobalSection
	GlobalSection(ProjectConfigurationPlatforms) = postSolution
		{FFE0FB45-7042-44A9-A7F9-324BD74ADDBA}.Debug|Any CPU.ActiveCfg = Debug|Any CPU
		{FFE0FB45-7042-44A9-A7F9-324BD74ADDBA}.Debug|Any CPU.Build.0 = Debug|Any CPU
		{FFE0FB45-7042-44A9-A7F9-324BD74ADDBA}.Release|Any CPU.ActiveCfg = Release|Any CPU
		{FFE0FB45-7042-44A9-A7F9-324BD74ADDBA}.Release|Any CPU.Build.0 = Release|Any CPU
	EndGlobalSection
	GlobalSection(SolutionProperties) = preSolution
		HideSolutionNode = FALSE
	EndGlobalSection
	GlobalSection(ExtensibilityGlobals) = postSolution
		SolutionGuid = {FD1FDE07-453B-4782-8AAB-4EE4B932EA99}
	EndGlobalSection
EndGlobal
