
Microsoft Visual Studio Solution File, Format Version 12.00
# Visual Studio Version 16
VisualStudioVersion = 16.0.30413.136
MinimumVisualStudioVersion = 10.0.40219.1
Project("{FAE04EC0-301F-11D3-BF4B-00C04F79EFBC}") = "CalcLib", "CalcLib\CalcLib.csproj", "{8AFAB508-CC67-456D-B4D8-03BB74E494EB}"
EndProject
Project("{FAE04EC0-301F-11D3-BF4B-00C04F79EFBC}") = "ConsoleCalcClient", "ConsoleCalcClient\ConsoleCalcClient.csproj", "{1ADA6082-0E31-443C-947E-DC25D0A42E9A}"
EndProject
Project("{FAE04EC0-301F-11D3-BF4B-00C04F79EFBC}") = "CalcLib.Tests", "CalcLib.Tests\CalcLib.Tests.csproj", "{F8E8F496-6701-43EE-A526-60E07F37C6F4}"
EndProject
Global
	GlobalSection(SolutionConfigurationPlatforms) = preSolution
		Debug|Any CPU = Debug|Any CPU
		Release|Any CPU = Release|Any CPU
	EndGlobalSection
	GlobalSection(ProjectConfigurationPlatforms) = postSolution
		{8AFAB508-CC67-456D-B4D8-03BB74E494EB}.Debug|Any CPU.ActiveCfg = Debug|Any CPU
		{8AFAB508-CC67-456D-B4D8-03BB74E494EB}.Debug|Any CPU.Build.0 = Debug|Any CPU
		{8AFAB508-CC67-456D-B4D8-03BB74E494EB}.Release|Any CPU.ActiveCfg = Release|Any CPU
		{8AFAB508-CC67-456D-B4D8-03BB74E494EB}.Release|Any CPU.Build.0 = Release|Any CPU
		{1ADA6082-0E31-443C-947E-DC25D0A42E9A}.Debug|Any CPU.ActiveCfg = Debug|Any CPU
		{1ADA6082-0E31-443C-947E-DC25D0A42E9A}.Debug|Any CPU.Build.0 = Debug|Any CPU
		{1ADA6082-0E31-443C-947E-DC25D0A42E9A}.Release|Any CPU.ActiveCfg = Release|Any CPU
		{1ADA6082-0E31-443C-947E-DC25D0A42E9A}.Release|Any CPU.Build.0 = Release|Any CPU
		{F8E8F496-6701-43EE-A526-60E07F37C6F4}.Debug|Any CPU.ActiveCfg = Debug|Any CPU
		{F8E8F496-6701-43EE-A526-60E07F37C6F4}.Debug|Any CPU.Build.0 = Debug|Any CPU
		{F8E8F496-6701-43EE-A526-60E07F37C6F4}.Release|Any CPU.ActiveCfg = Release|Any CPU
		{F8E8F496-6701-43EE-A526-60E07F37C6F4}.Release|Any CPU.Build.0 = Release|Any CPU
	EndGlobalSection
	GlobalSection(SolutionProperties) = preSolution
		HideSolutionNode = FALSE
	EndGlobalSection
	GlobalSection(ExtensibilityGlobals) = postSolution
		SolutionGuid = {14645B0F-E71C-48D4-A6D1-CF2F8DCEBBBE}
	EndGlobalSection
EndGlobal
